
Microsoft Visual Studio Solution File, Format Version 12.00
# Visual Studio Version 17
VisualStudioVersion = 17.14.36127.28
MinimumVisualStudioVersion = 10.0.40219.1
Project("{FAE04EC0-301F-11D3-BF4B-00C04F79EFBC}") = "ClothingBrandApp.Web", "ClothingBrandApp\ClothingBrandApp.Web.csproj", "{0383FCCA-A8BE-4271-9A8A-DB7646760F6A}"
EndProject
Project("{2150E333-8FDC-42A3-9474-1A3956D46DE8}") = "Data", "Data", "{02EA681E-C7D8-13C7-8484-4AC65E1B71E8}"
EndProject
Project("{FAE04EC0-301F-11D3-BF4B-00C04F79EFBC}") = "ClothingBrand.Data", "ClothingBrand.Data\ClothingBrand.Data.csproj", "{1D5C381E-521C-4C3F-931A-750706524E86}"
EndProject
Project("{FAE04EC0-301F-11D3-BF4B-00C04F79EFBC}") = "ClothingBrand.Data.Common", "ClothingBrand.Common\ClothingBrand.Data.Common.csproj", "{E480EE44-5A20-48B0-9E1C-7D80DA5DA6AE}"
EndProject
Project("{FAE04EC0-301F-11D3-BF4B-00C04F79EFBC}") = "ClothingBrand.Data.Models", "ClothingBrand.Models\ClothingBrand.Data.Models.csproj", "{77D408DD-8D83-47EB-8B48-861A8DCFF4EE}"
EndProject
Project("{2150E333-8FDC-42A3-9474-1A3956D46DE8}") = "Services", "Services", "{1233829A-B4DA-4F77-B24F-9E57C837C579}"
EndProject
Project("{FAE04EC0-301F-11D3-BF4B-00C04F79EFBC}") = "ClothingBrand.Services.Core", "ClothingBrand.Services.Core\ClothingBrand.Services.Core.csproj", "{D278662E-6BE0-4C7E-ADB9-763EE179BCA3}"
EndProject
Project("{FAE04EC0-301F-11D3-BF4B-00C04F79EFBC}") = "ClothingBrand.Services.Common", "ClothingBrand.Services.Common\ClothingBrand.Services.Common.csproj", "{40194B0B-3354-4FFB-92C6-E8D5230CEFDE}"
EndProject
Project("{2150E333-8FDC-42A3-9474-1A3956D46DE8}") = "Tests", "Tests", "{1392D5E2-2854-4F9D-929B-4398121923F8}"
EndProject
Project("{2150E333-8FDC-42A3-9474-1A3956D46DE8}") = "Web", "Web", "{3136DAFB-A394-42B8-862B-9D24F687D031}"
EndProject
Project("{FAE04EC0-301F-11D3-BF4B-00C04F79EFBC}") = "ClothingBrandApp.Web.ViewModels", "ClothingBrand.Web.ViewModels\ClothingBrandApp.Web.ViewModels.csproj", "{37F3349D-62E7-4F67-A590-107493928EC9}"
EndProject
Project("{FAE04EC0-301F-11D3-BF4B-00C04F79EFBC}") = "ClothingBrand.GCommon", "ClothingBrandApp.GCommon\ClothingBrand.GCommon.csproj", "{C7947CE9-6960-404D-B19D-5FA8DF9F6B07}"
EndProject
Project("{FAE04EC0-301F-11D3-BF4B-00C04F79EFBC}") = "ClothingBrandApp.Web.Infrastructure", "ClothingBrandApp.Web.Infrastructure\ClothingBrandApp.Web.Infrastructure.csproj", "{B3A8EFB2-AF75-4549-BE45-9D27A79C8634}"
EndProject
Project("{FAE04EC0-301F-11D3-BF4B-00C04F79EFBC}") = "ClothingBrandApp.WebApi", "ClothingBrandApp.WebApi\ClothingBrandApp.WebApi.csproj", "{C0A79B74-4E3C-4393-8382-7EE41C64BC0B}"
EndProject
Project("{FAE04EC0-301F-11D3-BF4B-00C04F79EFBC}") = "ClothingBrandApp.Services.Tests", "ClothingBrandApp.Services.Tests\ClothingBrandApp.Services.Tests.csproj", "{D20C5E9E-1B19-4E43-97B9-F882562CDCC3}"
EndProject
Project("{FAE04EC0-301F-11D3-BF4B-00C04F79EFBC}") = "ClothingBrandApp.Web.Tests", "ClothingBrandApp.Web.Tests\ClothingBrandApp.Web.Tests.csproj", "{354F253E-CAC4-E054-FB7D-2D35F181D1F9}"
EndProject
Global
	GlobalSection(SolutionConfigurationPlatforms) = preSolution
		Debug|Any CPU = Debug|Any CPU
		Release|Any CPU = Release|Any CPU
	EndGlobalSection
	GlobalSection(ProjectConfigurationPlatforms) = postSolution
		{0383FCCA-A8BE-4271-9A8A-DB7646760F6A}.Debug|Any CPU.ActiveCfg = Debug|Any CPU
		{0383FCCA-A8BE-4271-9A8A-DB7646760F6A}.Debug|Any CPU.Build.0 = Debug|Any CPU
		{0383FCCA-A8BE-4271-9A8A-DB7646760F6A}.Release|Any CPU.ActiveCfg = Release|Any CPU
		{0383FCCA-A8BE-4271-9A8A-DB7646760F6A}.Release|Any CPU.Build.0 = Release|Any CPU
		{1D5C381E-521C-4C3F-931A-750706524E86}.Debug|Any CPU.ActiveCfg = Debug|Any CPU
		{1D5C381E-521C-4C3F-931A-750706524E86}.Debug|Any CPU.Build.0 = Debug|Any CPU
		{1D5C381E-521C-4C3F-931A-750706524E86}.Release|Any CPU.ActiveCfg = Release|Any CPU
		{1D5C381E-521C-4C3F-931A-750706524E86}.Release|Any CPU.Build.0 = Release|Any CPU
		{E480EE44-5A20-48B0-9E1C-7D80DA5DA6AE}.Debug|Any CPU.ActiveCfg = Debug|Any CPU
		{E480EE44-5A20-48B0-9E1C-7D80DA5DA6AE}.Debug|Any CPU.Build.0 = Debug|Any CPU
		{E480EE44-5A20-48B0-9E1C-7D80DA5DA6AE}.Release|Any CPU.ActiveCfg = Release|Any CPU
		{E480EE44-5A20-48B0-9E1C-7D80DA5DA6AE}.Release|Any CPU.Build.0 = Release|Any CPU
		{77D408DD-8D83-47EB-8B48-861A8DCFF4EE}.Debug|Any CPU.ActiveCfg = Debug|Any CPU
		{77D408DD-8D83-47EB-8B48-861A8DCFF4EE}.Debug|Any CPU.Build.0 = Debug|Any CPU
		{77D408DD-8D83-47EB-8B48-861A8DCFF4EE}.Release|Any CPU.ActiveCfg = Release|Any CPU
		{77D408DD-8D83-47EB-8B48-861A8DCFF4EE}.Release|Any CPU.Build.0 = Release|Any CPU
		{D278662E-6BE0-4C7E-ADB9-763EE179BCA3}.Debug|Any CPU.ActiveCfg = Debug|Any CPU
		{D278662E-6BE0-4C7E-ADB9-763EE179BCA3}.Debug|Any CPU.Build.0 = Debug|Any CPU
		{D278662E-6BE0-4C7E-ADB9-763EE179BCA3}.Release|Any CPU.ActiveCfg = Release|Any CPU
		{D278662E-6BE0-4C7E-ADB9-763EE179BCA3}.Release|Any CPU.Build.0 = Release|Any CPU
		{40194B0B-3354-4FFB-92C6-E8D5230CEFDE}.Debug|Any CPU.ActiveCfg = Debug|Any CPU
		{40194B0B-3354-4FFB-92C6-E8D5230CEFDE}.Debug|Any CPU.Build.0 = Debug|Any CPU
		{40194B0B-3354-4FFB-92C6-E8D5230CEFDE}.Release|Any CPU.ActiveCfg = Release|Any CPU
		{40194B0B-3354-4FFB-92C6-E8D5230CEFDE}.Release|Any CPU.Build.0 = Release|Any CPU
		{37F3349D-62E7-4F67-A590-107493928EC9}.Debug|Any CPU.ActiveCfg = Debug|Any CPU
		{37F3349D-62E7-4F67-A590-107493928EC9}.Debug|Any CPU.Build.0 = Debug|Any CPU
		{37F3349D-62E7-4F67-A590-107493928EC9}.Release|Any CPU.ActiveCfg = Release|Any CPU
		{37F3349D-62E7-4F67-A590-107493928EC9}.Release|Any CPU.Build.0 = Release|Any CPU
		{C7947CE9-6960-404D-B19D-5FA8DF9F6B07}.Debug|Any CPU.ActiveCfg = Debug|Any CPU
		{C7947CE9-6960-404D-B19D-5FA8DF9F6B07}.Debug|Any CPU.Build.0 = Debug|Any CPU
		{C7947CE9-6960-404D-B19D-5FA8DF9F6B07}.Release|Any CPU.ActiveCfg = Release|Any CPU
		{C7947CE9-6960-404D-B19D-5FA8DF9F6B07}.Release|Any CPU.Build.0 = Release|Any CPU
		{B3A8EFB2-AF75-4549-BE45-9D27A79C8634}.Debug|Any CPU.ActiveCfg = Debug|Any CPU
		{B3A8EFB2-AF75-4549-BE45-9D27A79C8634}.Debug|Any CPU.Build.0 = Debug|Any CPU
		{B3A8EFB2-AF75-4549-BE45-9D27A79C8634}.Release|Any CPU.ActiveCfg = Release|Any CPU
		{B3A8EFB2-AF75-4549-BE45-9D27A79C8634}.Release|Any CPU.Build.0 = Release|Any CPU
		{C0A79B74-4E3C-4393-8382-7EE41C64BC0B}.Debug|Any CPU.ActiveCfg = Debug|Any CPU
		{C0A79B74-4E3C-4393-8382-7EE41C64BC0B}.Debug|Any CPU.Build.0 = Debug|Any CPU
		{C0A79B74-4E3C-4393-8382-7EE41C64BC0B}.Release|Any CPU.ActiveCfg = Release|Any CPU
		{C0A79B74-4E3C-4393-8382-7EE41C64BC0B}.Release|Any CPU.Build.0 = Release|Any CPU
		{D20C5E9E-1B19-4E43-97B9-F882562CDCC3}.Debug|Any CPU.ActiveCfg = Debug|Any CPU
		{D20C5E9E-1B19-4E43-97B9-F882562CDCC3}.Debug|Any CPU.Build.0 = Debug|Any CPU
		{D20C5E9E-1B19-4E43-97B9-F882562CDCC3}.Release|Any CPU.ActiveCfg = Release|Any CPU
		{D20C5E9E-1B19-4E43-97B9-F882562CDCC3}.Release|Any CPU.Build.0 = Release|Any CPU
		{354F253E-CAC4-E054-FB7D-2D35F181D1F9}.Debug|Any CPU.ActiveCfg = Debug|Any CPU
		{354F253E-CAC4-E054-FB7D-2D35F181D1F9}.Debug|Any CPU.Build.0 = Debug|Any CPU
		{354F253E-CAC4-E054-FB7D-2D35F181D1F9}.Release|Any CPU.ActiveCfg = Release|Any CPU
		{354F253E-CAC4-E054-FB7D-2D35F181D1F9}.Release|Any CPU.Build.0 = Release|Any CPU
	EndGlobalSection
	GlobalSection(SolutionProperties) = preSolution
		HideSolutionNode = FALSE
	EndGlobalSection
	GlobalSection(NestedProjects) = preSolution
		{0383FCCA-A8BE-4271-9A8A-DB7646760F6A} = {3136DAFB-A394-42B8-862B-9D24F687D031}
		{1D5C381E-521C-4C3F-931A-750706524E86} = {02EA681E-C7D8-13C7-8484-4AC65E1B71E8}
		{E480EE44-5A20-48B0-9E1C-7D80DA5DA6AE} = {02EA681E-C7D8-13C7-8484-4AC65E1B71E8}
		{77D408DD-8D83-47EB-8B48-861A8DCFF4EE} = {02EA681E-C7D8-13C7-8484-4AC65E1B71E8}
		{D278662E-6BE0-4C7E-ADB9-763EE179BCA3} = {1233829A-B4DA-4F77-B24F-9E57C837C579}
		{40194B0B-3354-4FFB-92C6-E8D5230CEFDE} = {1233829A-B4DA-4F77-B24F-9E57C837C579}
		{37F3349D-62E7-4F67-A590-107493928EC9} = {3136DAFB-A394-42B8-862B-9D24F687D031}
		{B3A8EFB2-AF75-4549-BE45-9D27A79C8634} = {3136DAFB-A394-42B8-862B-9D24F687D031}
		{C0A79B74-4E3C-4393-8382-7EE41C64BC0B} = {3136DAFB-A394-42B8-862B-9D24F687D031}
		{D20C5E9E-1B19-4E43-97B9-F882562CDCC3} = {1392D5E2-2854-4F9D-929B-4398121923F8}
		{354F253E-CAC4-E054-FB7D-2D35F181D1F9} = {1392D5E2-2854-4F9D-929B-4398121923F8}
	EndGlobalSection
	GlobalSection(ExtensibilityGlobals) = postSolution
		SolutionGuid = {583961D3-0DB9-4977-905D-C523CF0CA6F6}
	EndGlobalSection
EndGlobal
